
Microsoft Visual Studio Solution File, Format Version 12.00
# Visual Studio Version 17
VisualStudioVersion = 17.4.33403.182
MinimumVisualStudioVersion = 10.0.40219.1
Project("{8BC9CEB8-8B4A-11D0-8D11-00A0C91BC942}") = "ProyectoSystemC2022", "ProyectoSystemC2022.vcxproj", "{FAEF287E-AFA3-47EF-A9C4-3206EF6D502C}"
EndProject
Global
	GlobalSection(SolutionConfigurationPlatforms) = preSolution
		Debug|x64 = Debug|x64
		Debug|x86 = Debug|x86
		Release|x64 = Release|x64
		Release|x86 = Release|x86
	EndGlobalSection
	GlobalSection(ProjectConfigurationPlatforms) = postSolution
		{FAEF287E-AFA3-47EF-A9C4-3206EF6D502C}.Debug|x64.ActiveCfg = Debug|x64
		{FAEF287E-AFA3-47EF-A9C4-3206EF6D502C}.Debug|x64.Build.0 = Debug|x64
		{FAEF287E-AFA3-47EF-A9C4-3206EF6D502C}.Debug|x86.ActiveCfg = Debug|Win32
		{FAEF287E-AFA3-47EF-A9C4-3206EF6D502C}.Debug|x86.Build.0 = Debug|Win32
		{FAEF287E-AFA3-47EF-A9C4-3206EF6D502C}.Release|x64.ActiveCfg = Release|x64
		{FAEF287E-AFA3-47EF-A9C4-3206EF6D502C}.Release|x64.Build.0 = Release|x64
		{FAEF287E-AFA3-47EF-A9C4-3206EF6D502C}.Release|x86.ActiveCfg = Release|Win32
		{FAEF287E-AFA3-47EF-A9C4-3206EF6D502C}.Release|x86.Build.0 = Release|Win32
	EndGlobalSection
	GlobalSection(SolutionProperties) = preSolution
		HideSolutionNode = FALSE
	EndGlobalSection
	GlobalSection(ExtensibilityGlobals) = postSolution
		SolutionGuid = {F0207939-A775-48A9-8CF0-1D9293A84BA2}
	EndGlobalSection
EndGlobal
